
Microsoft Visual Studio Solution File, Format Version 12.00
# Visual Studio 14
VisualStudioVersion = 14.0.23107.0
MinimumVisualStudioVersion = 10.0.40219.1
Project("{FAE04EC0-301F-11D3-BF4B-00C04F79EFBC}") = "SimServiceNet", "SimServiceNet\SimServiceNet.csproj", "{D986DB0B-880B-4357-9499-8B266AFA425B}"
EndProject
Global
	GlobalSection(SolutionConfigurationPlatforms) = preSolution
		Debug|Any CPU = Debug|Any CPU
		Release|Any CPU = Release|Any CPU
	EndGlobalSection
	GlobalSection(ProjectConfigurationPlatforms) = postSolution
		{D986DB0B-880B-4357-9499-8B266AFA425B}.Debug|Any CPU.ActiveCfg = Debug|Any CPU
		{D986DB0B-880B-4357-9499-8B266AFA425B}.Debug|Any CPU.Build.0 = Debug|Any CPU
		{D986DB0B-880B-4357-9499-8B266AFA425B}.Release|Any CPU.ActiveCfg = Release|Any CPU
		{D986DB0B-880B-4357-9499-8B266AFA425B}.Release|Any CPU.Build.0 = Release|Any CPU
	EndGlobalSection
	GlobalSection(SolutionProperties) = preSolution
		HideSolutionNode = FALSE
	EndGlobalSection
EndGlobal
